
Microsoft Visual Studio Solution File, Format Version 12.00
# Visual Studio Version 16
VisualStudioVersion = 16.0.30503.244
MinimumVisualStudioVersion = 10.0.40219.1
Project("{FAE04EC0-301F-11D3-BF4B-00C04F79EFBC}") = "Show song text.Android", "Show song text\Show song text.Android\Show song text.Android.csproj", "{249C0BDD-86F1-444D-90C8-3EC0353F1107}"
EndProject
Project("{9A19103F-16F7-4668-BE54-9A1E7A4F7556}") = "Show song text", "Show song text\Show song text\Show song text.csproj", "{1BE12EDF-F873-489E-B782-7C98377A7FFD}"
EndProject
Global
	GlobalSection(SolutionConfigurationPlatforms) = preSolution
		Debug|Any CPU = Debug|Any CPU
		Debug|iPhone = Debug|iPhone
		Debug|iPhoneSimulator = Debug|iPhoneSimulator
		Release|Any CPU = Release|Any CPU
		Release|iPhone = Release|iPhone
		Release|iPhoneSimulator = Release|iPhoneSimulator
	EndGlobalSection
	GlobalSection(ProjectConfigurationPlatforms) = postSolution
		{249C0BDD-86F1-444D-90C8-3EC0353F1107}.Debug|Any CPU.ActiveCfg = Debug|Any CPU
		{249C0BDD-86F1-444D-90C8-3EC0353F1107}.Debug|Any CPU.Build.0 = Debug|Any CPU
		{249C0BDD-86F1-444D-90C8-3EC0353F1107}.Debug|Any CPU.Deploy.0 = Debug|Any CPU
		{249C0BDD-86F1-444D-90C8-3EC0353F1107}.Debug|iPhone.ActiveCfg = Debug|Any CPU
		{249C0BDD-86F1-444D-90C8-3EC0353F1107}.Debug|iPhone.Build.0 = Debug|Any CPU
		{249C0BDD-86F1-444D-90C8-3EC0353F1107}.Debug|iPhone.Deploy.0 = Debug|Any CPU
		{249C0BDD-86F1-444D-90C8-3EC0353F1107}.Debug|iPhoneSimulator.ActiveCfg = Debug|Any CPU
		{249C0BDD-86F1-444D-90C8-3EC0353F1107}.Debug|iPhoneSimulator.Build.0 = Debug|Any CPU
		{249C0BDD-86F1-444D-90C8-3EC0353F1107}.Debug|iPhoneSimulator.Deploy.0 = Debug|Any CPU
		{249C0BDD-86F1-444D-90C8-3EC0353F1107}.Release|Any CPU.ActiveCfg = Release|Any CPU
		{249C0BDD-86F1-444D-90C8-3EC0353F1107}.Release|Any CPU.Build.0 = Release|Any CPU
		{249C0BDD-86F1-444D-90C8-3EC0353F1107}.Release|Any CPU.Deploy.0 = Release|Any CPU
		{249C0BDD-86F1-444D-90C8-3EC0353F1107}.Release|iPhone.ActiveCfg = Release|Any CPU
		{249C0BDD-86F1-444D-90C8-3EC0353F1107}.Release|iPhone.Build.0 = Release|Any CPU
		{249C0BDD-86F1-444D-90C8-3EC0353F1107}.Release|iPhone.Deploy.0 = Release|Any CPU
		{249C0BDD-86F1-444D-90C8-3EC0353F1107}.Release|iPhoneSimulator.ActiveCfg = Release|Any CPU
		{249C0BDD-86F1-444D-90C8-3EC0353F1107}.Release|iPhoneSimulator.Build.0 = Release|Any CPU
		{249C0BDD-86F1-444D-90C8-3EC0353F1107}.Release|iPhoneSimulator.Deploy.0 = Release|Any CPU
		{1BE12EDF-F873-489E-B782-7C98377A7FFD}.Debug|Any CPU.ActiveCfg = Debug|Any CPU
		{1BE12EDF-F873-489E-B782-7C98377A7FFD}.Debug|Any CPU.Build.0 = Debug|Any CPU
		{1BE12EDF-F873-489E-B782-7C98377A7FFD}.Debug|iPhone.ActiveCfg = Debug|Any CPU
		{1BE12EDF-F873-489E-B782-7C98377A7FFD}.Debug|iPhone.Build.0 = Debug|Any CPU
		{1BE12EDF-F873-489E-B782-7C98377A7FFD}.Debug|iPhoneSimulator.ActiveCfg = Debug|Any CPU
		{1BE12EDF-F873-489E-B782-7C98377A7FFD}.Debug|iPhoneSimulator.Build.0 = Debug|Any CPU
		{1BE12EDF-F873-489E-B782-7C98377A7FFD}.Release|Any CPU.ActiveCfg = Release|Any CPU
		{1BE12EDF-F873-489E-B782-7C98377A7FFD}.Release|Any CPU.Build.0 = Release|Any CPU
		{1BE12EDF-F873-489E-B782-7C98377A7FFD}.Release|iPhone.ActiveCfg = Release|Any CPU
		{1BE12EDF-F873-489E-B782-7C98377A7FFD}.Release|iPhone.Build.0 = Release|Any CPU
		{1BE12EDF-F873-489E-B782-7C98377A7FFD}.Release|iPhoneSimulator.ActiveCfg = Release|Any CPU
		{1BE12EDF-F873-489E-B782-7C98377A7FFD}.Release|iPhoneSimulator.Build.0 = Release|Any CPU
	EndGlobalSection
	GlobalSection(SolutionProperties) = preSolution
		HideSolutionNode = FALSE
	EndGlobalSection
	GlobalSection(ExtensibilityGlobals) = postSolution
		SolutionGuid = {3D583AA4-85CB-414C-BBE5-B62367C731D5}
	EndGlobalSection
EndGlobal
